PODS:
  - SpeechproSpeechKit (0.0.1)

DEPENDENCIES:
  - SpeechproSpeechKit (from `https://github.com/STC-VoiceKey/stc-speechkit-ios.git`)

EXTERNAL SOURCES:
  SpeechproSpeechKit:
    :git: https://github.com/STC-VoiceKey/stc-speechkit-ios.git

CHECKOUT OPTIONS:
  SpeechproSpeechKit:
    :commit: 0dc581e5f03b0f50a761106ffb275d092e358085
    :git: https://github.com/STC-VoiceKey/stc-speechkit-ios.git

SPEC CHECKSUMS:
  SpeechproSpeechKit: f36987e2201c627dabbc5680e9a9ea316999e2b5

PODFILE CHECKSUM: 521f8847d2e4302dbe7db2d1de1be94140b2195a

COCOAPODS: 1.4.0
